
Microsoft Visual Studio Solution File, Format Version 12.00
# Visual Studio Version 17
VisualStudioVersion = 17.11.35219.272
MinimumVisualStudioVersion = 10.0.40219.1
Project("{FAE04EC0-301F-11D3-BF4B-00C04F79EFBC}") = "API", "API\API.csproj", "{87DE6BDD-934D-4C0A-B087-D668122D809B}"
EndProject
Global
	GlobalSection(SolutionConfigurationPlatforms) = preSolution
		Debug|Any CPU = Debug|Any CPU
		Release|Any CPU = Release|Any CPU
	EndGlobalSection
	GlobalSection(ProjectConfigurationPlatforms) = postSolution
		{87DE6BDD-934D-4C0A-B087-D668122D809B}.Debug|Any CPU.ActiveCfg = Debug|Any CPU
		{87DE6BDD-934D-4C0A-B087-D668122D809B}.Debug|Any CPU.Build.0 = Debug|Any CPU
		{87DE6BDD-934D-4C0A-B087-D668122D809B}.Release|Any CPU.ActiveCfg = Release|Any CPU
		{87DE6BDD-934D-4C0A-B087-D668122D809B}.Release|Any CPU.Build.0 = Release|Any CPU
	EndGlobalSection
	GlobalSection(SolutionProperties) = preSolution
		HideSolutionNode = FALSE
	EndGlobalSection
	GlobalSection(ExtensibilityGlobals) = postSolution
		SolutionGuid = {B73FA49E-7E48-4BB2-B9C8-BB0FCF5DA5C7}
	EndGlobalSection
EndGlobal
